# This file is automatically @generated by Poetry 1.8.3 and should not be changed by hand.

[[package]]
name = "colorama"
version = "0.4.6"
description = "Cross-platform colored terminal text."
optional = false
python-versions = "!=3.0.*,!=3.1.*,!=3.2.*,!=3.3.*,!=3.4.*,!=3.5.*,!=3.6.*,>=2.7"
files = [
    {file = "colorama-0.4.6-py2.py3-none-any.whl", hash = "sha256:4f1d9991f5acc0ca119f9d443620b77f9d6b33703e51011c16baf57afb285fc6"},
    {file = "colorama-0.4.6.tar.gz", hash = "sha256:08695f5cb7ed6e0531a20572697297273c47b8cae5a63ffc6d6ed5c201be6e44"},
]

[[package]]
name = "iniconfig"
version = "2.0.0"
description = "brain-dead simple config-ini parsing"
optional = false
python-versions = ">=3.7"
files = [
    {file = "iniconfig-2.0.0-py3-none-any.whl", hash = "sha256:b6a85871a79d2e3b22d2d1b94ac2824226a63c6b741c88f7ae975f18b6778374"},
    {file = "iniconfig-2.0.0.tar.gz", hash = "sha256:2d91e135bf72d31a410b17c16da610a82cb55f6b0477d1a902134b24a455b8b3"},
]

[[package]]
name = "jinja2"
version = "3.1.4"
description = "A very fast and expressive template engine."
optional = false
python-versions = ">=3.7"
files = [
    {file = "jinja2-3.1.4-py3-none-any.whl", hash = "sha256:bc5dd2abb727a5319567b7a813e6a2e7318c39f4f487cfe6c89c6f9c7d25197d"},
    {file = "jinja2-3.1.4.tar.gz", hash = "sha256:4a3aee7acbbe7303aede8e9648d13b8bf88a429282aa6122a993f0ac800cb369"},
]

[package.dependencies]
MarkupSafe = ">=2.0"

[package.extras]
i18n = ["Babel (>=2.7)"]

[[package]]
name = "markupsafe"
version = "2.1.5"
description = "Safely add untrusted strings to HTML/XML markup."
optional = false
python-versions = ">=3.7"
files = [
    {file = "MarkupSafe-2.1.5-cp310-cp310-macosx_10_9_universal2.whl", hash = "sha256:a17a92de5231666cfbe003f0e4b9b3a7ae3afb1ec2845aadc2bacc93ff85febc"},
    {file = "MarkupSafe-2.1.5-cp310-cp310-macosx_10_9_x86_64.whl", hash = "sha256:72b6be590cc35924b02c78ef34b467da4ba07e4e0f0454a2c5907f473fc50ce5"},
    {file = "MarkupSafe-2.1.5-cp310-cp310-manylinux_2_17_aarch64.manylinux2014_aarch64.whl", hash = "sha256:e61659ba32cf2cf1481e575d0462554625196a1f2fc06a1c777d3f48e8865d46"},
    {file = "MarkupSafe-2.1.5-cp310-cp310-manylinux_2_17_x86_64.manylinux2014_x86_64.whl", hash = "sha256:2174c595a0d73a3080ca3257b40096db99799265e1c27cc5a610743acd86d62f"},
    {file = "MarkupSafe-2.1.5-cp310-cp310-manylinux_2_5_i686.manylinux1_i686.manylinux_2_17_i686.manylinux2014_i686.whl", hash = "sha256:ae2ad8ae6ebee9d2d94b17fb62763125f3f374c25618198f40cbb8b525411900"},
    {file = "MarkupSafe-2.1.5-cp310-cp310-musllinux_1_1_aarch64.whl", hash = "sha256:075202fa5b72c86ad32dc7d0b56024ebdbcf2048c0ba09f1cde31bfdd57bcfff"},
    {file = "MarkupSafe-2.1.5-cp310-cp310-musllinux_1_1_i686.whl", hash = "sha256:598e3276b64aff0e7b3451b72e94fa3c238d452e7ddcd893c3ab324717456bad"},
    {file = "MarkupSafe-2.1.5-cp310-cp310-musllinux_1_1_x86_64.whl", hash = "sha256:fce659a462a1be54d2ffcacea5e3ba2d74daa74f30f5f143fe0c58636e355fdd"},
    {file = "MarkupSafe-2.1.5-cp310-cp310-win32.whl", hash = "sha256:d9fad5155d72433c921b782e58892377c44bd6252b5af2f67f16b194987338a4"},
    {file = "MarkupSafe-2.1.5-cp310-cp310-win_amd64.whl", hash = "sha256:bf50cd79a75d181c9181df03572cdce0fbb75cc353bc350712073108cba98de5"},
    {file = "MarkupSafe-2.1.5-cp311-cp311-macosx_10_9_universal2.whl", hash = "sha256:629ddd2ca402ae6dbedfceeba9c46d5f7b2a61d9749597d4307f943ef198fc1f"},
    {file = "MarkupSafe-2.1.5-cp311-cp311-macosx_10_9_x86_64.whl", hash = "sha256:5b7b716f97b52c5a14bffdf688f971b2d5ef4029127f1ad7a513973cfd818df2"},
    {file = "MarkupSafe-2.1.5-cp311-cp311-manylinux_2_17_aarch64.manylinux2014_aarch64.whl", hash = "sha256:6ec585f69cec0aa07d945b20805be741395e28ac1627333b1c5b0105962ffced"},
    {file = "MarkupSafe-2.1.5-cp311-cp311-manylinux_2_17_x86_64.manylinux2014_x86_64.whl", hash = "sha256:b91c037585eba9095565a3556f611e3cbfaa42ca1e865f7b8015fe5c7336d5a5"},
    {file = "MarkupSafe-2.1.5-cp311-cp311-manylinux_2_5_i686.manylinux1_i686.manylinux_2_17_i686.manylinux2014_i686.whl", hash = "sha256:7502934a33b54030eaf1194c21c692a534196063db72176b0c4028e140f8f32c"},
    {file = "MarkupSafe-2.1.5-cp311-cp311-musllinux_1_1_aarch64.whl", hash = "sha256:0e397ac966fdf721b2c528cf028494e86172b4feba51d65f81ffd65c63798f3f"},
    {file = "MarkupSafe-2.1.5-cp311-cp311-musllinux_1_1_i686.whl", hash = "sha256:c061bb86a71b42465156a3ee7bd58c8c2ceacdbeb95d05a99893e08b8467359a"},
    {file = "MarkupSafe-2.1.5-cp311-cp311-musllinux_1_1_x86_64.whl", hash = "sha256:3a57fdd7ce31c7ff06cdfbf31dafa96cc533c21e443d57f5b1ecc6cdc668ec7f"},
    {file = "MarkupSafe-2.1.5-cp311-cp311-win32.whl", hash = "sha256:397081c1a0bfb5124355710fe79478cdbeb39626492b15d399526ae53422b906"},
    {file = "MarkupSafe-2.1.5-cp311-cp311-win_amd64.whl", hash = "sha256:2b7c57a4dfc4f16f7142221afe5ba4e093e09e728ca65c51f5620c9aaeb9a617"},
    {file = "MarkupSafe-2.1.5-cp312-cp312-macosx_10_9_universal2.whl", hash = "sha256:8dec4936e9c3100156f8a2dc89c4b88d5c435175ff03413b443469c7c8c5f4d1"},
    {file = "MarkupSafe-2.1.5-cp312-cp312-macosx_10_9_x86_64.whl", hash = "sha256:3c6b973f22eb18a789b1460b4b91bf04ae3f0c4234a0a6aa6b0a92f6f7b951d4"},
    {file = "MarkupSafe-2.1.5-cp312-cp312-manylinux_2_17_aarch64.manylinux2014_aarch64.whl", hash = "sha256:ac07bad82163452a6884fe8fa0963fb98c2346ba78d779ec06bd7a6262132aee"},
    {file = "MarkupSafe-2.1.5-cp312-cp312-manylinux_2_17_x86_64.manylinux2014_x86_64.whl", hash = "sha256:f5dfb42c4604dddc8e4305050aa6deb084540643ed5804d7455b5df8fe16f5e5"},
    {file = "MarkupSafe-2.1.5-cp312-cp312-manylinux_2_5_i686.manylinux1_i686.manylinux_2_17_i686.manylinux2014_i686.whl", hash = "sha256:ea3d8a3d18833cf4304cd2fc9cbb1efe188ca9b5efef2bdac7adc20594a0e46b"},
    {file = "MarkupSafe-2.1.5-cp312-cp312-musllinux_1_1_aarch64.whl", hash = "sha256:d050b3361367a06d752db6ead6e7edeb0009be66bc3bae0ee9d97fb326badc2a"},
    {file = "MarkupSafe-2.1.5-cp312-cp312-musllinux_1_1_i686.whl", hash = "sha256:bec0a414d016ac1a18862a519e54b2fd0fc8bbfd6890376898a6c0891dd82e9f"},
    {file = "MarkupSafe-2.1.5-cp312-cp312-musllinux_1_1_x86_64.whl", hash = "sha256:58c98fee265677f63a4385256a6d7683ab1832f3ddd1e66fe948d5880c21a169"},
    {file = "MarkupSafe-2.1.5-cp312-cp312-win32.whl", hash = "sha256:8590b4ae07a35970728874632fed7bd57b26b0102df2d2b233b6d9d82f6c62ad"},
    {file = "MarkupSafe-2.1.5-cp312-cp312-win_amd64.whl", hash = "sha256:823b65d8706e32ad2df51ed89496147a42a2a6e01c13cfb6ffb8b1e92bc910bb"},
    {file = "MarkupSafe-2.1.5-cp37-cp37m-macosx_10_9_x86_64.whl", hash = "sha256:c8b29db45f8fe46ad280a7294f5c3ec36dbac9491f2d1c17345be8e69cc5928f"},
    {file = "MarkupSafe-2.1.5-cp37-cp37m-manylinux_2_17_aarch64.manylinux2014_aarch64.whl", hash = "sha256:ec6a563cff360b50eed26f13adc43e61bc0c04d94b8be985e6fb24b81f6dcfdf"},
    {file = "MarkupSafe-2.1.5-cp37-cp37m-manylinux_2_17_x86_64.manylinux2014_x86_64.whl", hash = "sha256:a549b9c31bec33820e885335b451286e2969a2d9e24879f83fe904a5ce59d70a"},
    {file = "MarkupSafe-2.1.5-cp37-cp37m-manylinux_2_5_i686.manylinux1_i686.manylinux_2_17_i686.manylinux2014_i686.whl", hash = "sha256:4f11aa001c540f62c6166c7726f71f7573b52c68c31f014c25cc7901deea0b52"},
    {file = "MarkupSafe-2.1.5-cp37-cp37m-musllinux_1_1_aarch64.whl", hash = "sha256:7b2e5a267c855eea6b4283940daa6e88a285f5f2a67f2220203786dfa59b37e9"},
    {file = "MarkupSafe-2.1.5-cp37-cp37m-musllinux_1_1_i686.whl", hash = "sha256:2d2d793e36e230fd32babe143b04cec8a8b3eb8a3122d2aceb4a371e6b09b8df"},
    {file = "MarkupSafe-2.1.5-cp37-cp37m-musllinux_1_1_x86_64.whl", hash = "sha256:ce409136744f6521e39fd8e2a24c53fa18ad67aa5bc7c2cf83645cce5b5c4e50"},
    {file = "MarkupSafe-2.1.5-cp37-cp37m-win32.whl", hash = "sha256:4096e9de5c6fdf43fb4f04c26fb114f61ef0bf2e5604b6ee3019d51b69e8c371"},
    {file = "MarkupSafe-2.1.5-cp37-cp37m-win_amd64.whl", hash = "sha256:4275d846e41ecefa46e2015117a9f491e57a71ddd59bbead77e904dc02b1bed2"},
    {file = "MarkupSafe-2.1.5-cp38-cp38-macosx_10_9_universal2.whl", hash = "sha256:656f7526c69fac7f600bd1f400991cc282b417d17539a1b228617081106feb4a"},
    {file = "MarkupSafe-2.1.5-cp38-cp38-macosx_10_9_x86_64.whl", hash = "sha256:97cafb1f3cbcd3fd2b6fbfb99ae11cdb14deea0736fc2b0952ee177f2b813a46"},
    {file = "MarkupSafe-2.1.5-cp38-cp38-manylinux_2_17_aarch64.manylinux2014_aarch64.whl", hash = "sha256:1f3fbcb7ef1f16e48246f704ab79d79da8a46891e2da03f8783a5b6fa41a9532"},
    {file = "MarkupSafe-2.1.5-cp38-cp38-manylinux_2_17_x86_64.manylinux2014_x86_64.whl", hash = "sha256:fa9db3f79de01457b03d4f01b34cf91bc0048eb2c3846ff26f66687c2f6d16ab"},
    {file = "MarkupSafe-2.1.5-cp38-cp38-manylinux_2_5_i686.manylinux1_i686.manylinux_2_17_i686.manylinux2014_i686.whl", hash = "sha256:ffee1f21e5ef0d712f9033568f8344d5da8cc2869dbd08d87c84656e6a2d2f68"},
    {file = "MarkupSafe-2.1.5-cp38-cp38-musllinux_1_1_aarch64.whl", hash = "sha256:5dedb4db619ba5a2787a94d877bc8ffc0566f92a01c0ef214865e54ecc9ee5e0"},
    {file = "MarkupSafe-2.1.5-cp38-cp38-musllinux_1_1_i686.whl", hash = "sha256:30b600cf0a7ac9234b2638fbc0fb6158ba5bdcdf46aeb631ead21248b9affbc4"},
    {file = "MarkupSafe-2.1.5-cp38-cp38-musllinux_1_1_x86_64.whl", hash = "sha256:8dd717634f5a044f860435c1d8c16a270ddf0ef8588d4887037c5028b859b0c3"},
    {file = "MarkupSafe-2.1.5-cp38-cp38-win32.whl", hash = "sha256:daa4ee5a243f0f20d528d939d06670a298dd39b1ad5f8a72a4275124a7819eff"},
    {file = "MarkupSafe-2.1.5-cp38-cp38-win_amd64.whl", hash = "sha256:619bc166c4f2de5caa5a633b8b7326fbe98e0ccbfacabd87268a2b15ff73a029"},
    {file = "MarkupSafe-2.1.5-cp39-cp39-macosx_10_9_universal2.whl", hash = "sha256:7a68b554d356a91cce1236aa7682dc01df0edba8d043fd1ce607c49dd3c1edcf"},
    {file = "MarkupSafe-2.1.5-cp39-cp39-macosx_10_9_x86_64.whl", hash = "sha256:db0b55e0f3cc0be60c1f19efdde9a637c32740486004f20d1cff53c3c0ece4d2"},
    {file = "MarkupSafe-2.1.5-cp39-cp39-manylinux_2_17_aarch64.manylinux2014_aarch64.whl", hash = "sha256:3e53af139f8579a6d5f7b76549125f0d94d7e630761a2111bc431fd820e163b8"},
    {file = "MarkupSafe-2.1.5-cp39-cp39-manylinux_2_17_x86_64.manylinux2014_x86_64.whl", hash = "sha256:17b950fccb810b3293638215058e432159d2b71005c74371d784862b7e4683f3"},
    {file = "MarkupSafe-2.1.5-cp39-cp39-manylinux_2_5_i686.manylinux1_i686.manylinux_2_17_i686.manylinux2014_i686.whl", hash = "sha256:4c31f53cdae6ecfa91a77820e8b151dba54ab528ba65dfd235c80b086d68a465"},
    {file = "MarkupSafe-2.1.5-cp39-cp39-musllinux_1_1_aarch64.whl", hash = "sha256:bff1b4290a66b490a2f4719358c0cdcd9bafb6b8f061e45c7a2460866bf50c2e"},
    {file = "MarkupSafe-2.1.5-cp39-cp39-musllinux_1_1_i686.whl", hash = "sha256:bc1667f8b83f48511b94671e0e441401371dfd0f0a795c7daa4a3cd1dde55bea"},
    {file = "MarkupSafe-2.1.5-cp39-cp39-musllinux_1_1_x86_64.whl", hash = "sha256:5049256f536511ee3f7e1b3f87d1d1209d327e818e6ae1365e8653d7e3abb6a6"},
    {file = "MarkupSafe-2.1.5-cp39-cp39-win32.whl", hash = "sha256:00e046b6dd71aa03a41079792f8473dc494d564611a8f89bbbd7cb93295ebdcf"},
    {file = "MarkupSafe-2.1.5-cp39-cp39-win_amd64.whl", hash = "sha256:fa173ec60341d6bb97a89f5ea19c85c5643c1e7dedebc22f5181eb73573142c5"},
    {file = "MarkupSafe-2.1.5.tar.gz", hash = "sha256:d283d37a890ba4c1ae73ffadf8046435c76e7bc2247bbb63c00bd1a709c6544b"},
]

[[package]]
name = "packaging"
version = "24.1"
description = "Core utilities for Python packages"
optional = false
python-versions = ">=3.8"
files = [
    {file = "packaging-24.1-py3-none-any.whl", hash = "sha256:5b8f2217dbdbd2f7f384c41c628544e6d52f2d0f53c6d0c3ea61aa5d1d7ff124"},
    {file = "packaging-24.1.tar.gz", hash = "sha256:026ed72c8ed3fcce5bf8950572258698927fd1dbda10a5e981cdf0ac37f4f002"},
]

[[package]]
name = "pluggy"
version = "1.5.0"
description = "plugin and hook calling mechanisms for python"
optional = false
python-versions = ">=3.8"
files = [
    {file = "pluggy-1.5.0-py3-none-any.whl", hash = "sha256:44e1ad92c8ca002de6377e165f3e0f1be63266ab4d554740532335b9d75ea669"},
    {file = "pluggy-1.5.0.tar.gz", hash = "sha256:2cffa88e94fdc978c4c574f15f9e59b7f4201d439195c3715ca9e2486f1d0cf1"},
]

[package.extras]
dev = ["pre-commit", "tox"]
testing = ["pytest", "pytest-benchmark"]

[[package]]
name = "pymssql"
version = "2.3.1"
description = "DB-API interface to Microsoft SQL Server for Python. (new Cython-based version)"
optional = false
python-versions = "*"
files = [
    {file = "pymssql-2.3.1-cp310-cp310-macosx_13_0_x86_64.whl", hash = "sha256:001b3321a5f620b80d1427933fcca11b05f29a808d7772a84d18d01e640ee60a"},
    {file = "pymssql-2.3.1-cp310-cp310-manylinux_2_17_aarch64.manylinux2014_aarch64.whl", hash = "sha256:15466dd41be5e32302f0c4791f612aadd608a0e6ec0b10d769e76cbb4c86aa97"},
    {file = "pymssql-2.3.1-cp310-cp310-manylinux_2_17_i686.manylinux2014_i686.whl", hash = "sha256:74349040d4ff6f05894aefb5109ecffcd416e1e366d9951085d3225a9d09c46b"},
    {file = "pymssql-2.3.1-cp310-cp310-manylinux_2_17_x86_64.manylinux2014_x86_64.whl", hash = "sha256:bc79dbe5eca8825b73830c8bb147b6f588300dc7510393822682162dc4ff003f"},
    {file = "pymssql-2.3.1-cp310-cp310-manylinux_2_28_x86_64.whl", hash = "sha256:0b93ebe2feb45e772ca708bc4cd70f3e4c72796ec1b157fd5d80cdc589c786aa"},
    {file = "pymssql-2.3.1-cp310-cp310-musllinux_1_1_i686.whl", hash = "sha256:44b1c8752c0fc6750902c1c521f258bdf4271bfbf7b2a5fee469b6ad00631aab"},
    {file = "pymssql-2.3.1-cp310-cp310-musllinux_1_1_x86_64.whl", hash = "sha256:fdfadb055a9ecad58356decfecc41626999ad7b548cc7ea898cf159e2217f7bb"},
    {file = "pymssql-2.3.1-cp310-cp310-musllinux_1_2_i686.whl", hash = "sha256:46f1074c6763e9a899128f22a0f72e9fb0035535f48efabd6a294db1c149e6f1"},
    {file = "pymssql-2.3.1-cp310-cp310-musllinux_1_2_x86_64.whl", hash = "sha256:ebb11b61d99ec5bbe0b8c411ff748a90263cdaf474881de231da8184e721c42c"},
    {file = "pymssql-2.3.1-cp310-cp310-win32.whl", hash = "sha256:2ef07fdee3e9652d39b4c081c5c5e1a1031abd122b402ed66813bceb3874ccea"},
    {file = "pymssql-2.3.1-cp310-cp310-win_amd64.whl", hash = "sha256:791522339215cb7f88db54c831a2347e0c4d69dd3092a343eea5b9339adf4412"},
    {file = "pymssql-2.3.1-cp311-cp311-macosx_13_0_universal2.whl", hash = "sha256:0433ffa1c86290a93e81176f377621cb70405be66ade8f3070d3f5ec9cfebdba"},
    {file = "pymssql-2.3.1-cp311-cp311-manylinux_2_17_aarch64.manylinux2014_aarch64.whl", hash = "sha256:6182d82ebfbe46f0e7748d068c6a1c16c0f4fe1f34f1c390f63375cee79b44b0"},
    {file = "pymssql-2.3.1-cp311-cp311-manylinux_2_17_i686.manylinux2014_i686.whl", hash = "sha256:cfbe07dcf0aaee8ce630624669cb2fb77b76743d4dd925f99331422be8704de3"},
    {file = "pymssql-2.3.1-cp311-cp311-manylinux_2_17_x86_64.manylinux2014_x86_64.whl", hash = "sha256:7d999c8e5d5d48e9305c4132392825de402f13feea15694e4e7103029b6eae06"},
    {file = "pymssql-2.3.1-cp311-cp311-manylinux_2_28_x86_64.whl", hash = "sha256:2dced0a76d8e99c283103a2e3c825ca22c67f1f8fc5cff657510f4d2ffb9d188"},
    {file = "pymssql-2.3.1-cp311-cp311-musllinux_1_1_i686.whl", hash = "sha256:880d3173025dea3babf5ab862875b3c76a5cf8df5b292418050c7793c651c0b2"},
    {file = "pymssql-2.3.1-cp311-cp311-musllinux_1_1_x86_64.whl", hash = "sha256:9f89c698e29ce5c576e4980ded89c00b45e482ec02759bfbfc1aa326648cf64a"},
    {file = "pymssql-2.3.1-cp311-cp311-musllinux_1_2_i686.whl", hash = "sha256:3f4f2a38ce6e39ed2414c20ca16deaea4340868033a4bb23d5e4e30c72290caf"},
    {file = "pymssql-2.3.1-cp311-cp311-musllinux_1_2_x86_64.whl", hash = "sha256:e34e8aa1d3da555dbf23141b02f401267c0be32104b4f030afd0bae62d26d735"},
    {file = "pymssql-2.3.1-cp311-cp311-win32.whl", hash = "sha256:72e57e20802bf97399e050a0760a4541996fc27bc605a1a25e48ca6fe4913c48"},
    {file = "pymssql-2.3.1-cp311-cp311-win_amd64.whl", hash = "sha256:b5d3604bca2fa8d5ba2eed1582a3c8a83970a8d2edabfcfd87c1edecb7617d16"},
    {file = "pymssql-2.3.1-cp312-cp312-macosx_13_0_universal2.whl", hash = "sha256:c28f1b9560b82fe1a1e51d8c56f6d36bca7c507a8cdf2caa2a0642503c220d5c"},
    {file = "pymssql-2.3.1-cp312-cp312-manylinux_2_17_aarch64.manylinux2014_aarch64.whl", hash = "sha256:e3509b75747eb22ae89f3d47ae316a4b9eac7d952269e88b356ef117a1b8e3b8"},
    {file = "pymssql-2.3.1-cp312-cp312-manylinux_2_17_i686.manylinux2014_i686.whl", hash = "sha256:cca3bed27e1ab867e482fa8b529d408489ad57e8b60452f75ef288da90573db6"},
    {file = "pymssql-2.3.1-cp312-cp312-manylinux_2_17_x86_64.manylinux2014_x86_64.whl", hash = "sha256:4fe3276915e6040daec409203e3143aa2826984adb8d223c155dab91010110a4"},
    {file = "pymssql-2.3.1-cp312-cp312-manylinux_2_28_x86_64.whl", hash = "sha256:d36d566d0d6997c95442c3d2902800e6b072ccc017c6284e5b1bd4e17dc8fada"},
    {file = "pymssql-2.3.1-cp312-cp312-musllinux_1_1_i686.whl", hash = "sha256:3564df40a678623a769acd9677dc68228b2694170132c6f296eb62bf766d31e4"},
    {file = "pymssql-2.3.1-cp312-cp312-musllinux_1_1_x86_64.whl", hash = "sha256:3dbd4106faabf97f028d0ac59b30d132cfb5e48cf5314b0476f293123dbf3422"},
    {file = "pymssql-2.3.1-cp312-cp312-musllinux_1_2_i686.whl", hash = "sha256:acd1690d9b1b2ece9d0e1fd7d68571fc9fa56b6ba8697a3132446419ff7fb3f4"},
    {file = "pymssql-2.3.1-cp312-cp312-musllinux_1_2_x86_64.whl", hash = "sha256:126e0b78773975136e6385da7286c277e2e0320c1f4bee0e4dc61a5edcf98c41"},
    {file = "pymssql-2.3.1-cp312-cp312-win32.whl", hash = "sha256:21803b731b8c8780fc974d9b4931fa8f1ca29c227502a4c317e12773c8bdef43"},
    {file = "pymssql-2.3.1-cp312-cp312-win_amd64.whl", hash = "sha256:6b0224fc5ce4cf0703278859f145e3e921c04d9feb59739a104d3020bbf0c0c1"},
    {file = "pymssql-2.3.1-cp313-cp313-manylinux_2_17_aarch64.manylinux2014_aarch64.whl", hash = "sha256:709c1df3134e330ee9590437253be363b558154bde5bb54856fc5fe68a03c971"},
    {file = "pymssql-2.3.1-cp313-cp313-manylinux_2_17_i686.manylinux2014_i686.whl", hash = "sha256:b9381eafaf529815f2d61f22b99e0538e744b31234f17d4384f5b0496bd1fbed"},
    {file = "pymssql-2.3.1-cp313-cp313-manylinux_2_17_x86_64.manylinux2014_x86_64.whl", hash = "sha256:c3bf78789014f202855f5d00de982bbcd95177fe8bcf920f0ce730b72456c173"},
    {file = "pymssql-2.3.1-cp313-cp313-manylinux_2_28_x86_64.whl", hash = "sha256:4b44280eedd0a3f031e9464d4fc632a215fadcfb375bb479065b61a6337df402"},
    {file = "pymssql-2.3.1-cp313-cp313-musllinux_1_1_i686.whl", hash = "sha256:922f536b925880c260968c8f2130b1c9d6315b83f300f18365b5421933f034a2"},
    {file = "pymssql-2.3.1-cp313-cp313-musllinux_1_1_x86_64.whl", hash = "sha256:f00f618d1c0f58617de548e5094f7d55ab6034b94068d7eebba60a034866b10b"},
    {file = "pymssql-2.3.1-cp313-cp313-musllinux_1_2_i686.whl", hash = "sha256:b363db86a1a3fe16df9b4253e17b02a268d0f2e2753679b8e85cee268e2fe8c4"},
    {file = "pymssql-2.3.1-cp313-cp313-musllinux_1_2_x86_64.whl", hash = "sha256:396a26cf576196cc4a3d77890b2b8eb62655ff02846288757dd8b587352cc4f5"},
    {file = "pymssql-2.3.1-cp36-cp36m-win32.whl", hash = "sha256:5a1a1c697596f23058697709144d00a44e7af6ecab6a517f2ecf28dcf8fb4280"},
    {file = "pymssql-2.3.1-cp36-cp36m-win_amd64.whl", hash = "sha256:4f92e8657d42341dce01f7f57d03f84b35c0ed00a7bef24533ff80a37ffcfb4e"},
    {file = "pymssql-2.3.1-cp37-cp37m-manylinux_2_17_aarch64.manylinux2014_aarch64.whl", hash = "sha256:095b50e43bfbc4d6f953810175ba275bb3e6136206f3a7146bdd1031e3f0dd9b"},
    {file = "pymssql-2.3.1-cp37-cp37m-manylinux_2_17_i686.manylinux2014_i686.whl", hash = "sha256:47ac89098732c327725b53464932c6a532367271a3d5c5a988f61e23e0e0e286"},
    {file = "pymssql-2.3.1-cp37-cp37m-manylinux_2_17_x86_64.manylinux2014_x86_64.whl", hash = "sha256:2f284fc052cf1dbc702a2f4d13442d87fc6847ba9054faccfc8d8446fcf00894"},
    {file = "pymssql-2.3.1-cp37-cp37m-manylinux_2_28_x86_64.whl", hash = "sha256:40778b65c09eef9e7c25c444b96e76f81d8b5cf1828cb555123d052b7d3b5661"},
    {file = "pymssql-2.3.1-cp37-cp37m-manylinux_2_5_i686.manylinux1_i686.whl", hash = "sha256:22c8609bc7f8b13d383729ba09042b4d796a607c93779c616be51b37caa6b384"},
    {file = "pymssql-2.3.1-cp37-cp37m-manylinux_2_5_x86_64.manylinux1_x86_64.whl", hash = "sha256:ab2aea2ae8bc1aba0105fccbf9e4f6716648b2b8f9421fd3418c6cc798fca43e"},
    {file = "pymssql-2.3.1-cp37-cp37m-musllinux_1_1_i686.whl", hash = "sha256:e594de69832ad13761412f4d5c981a6e5d931b22f25136c8cd3531d9c6cfdf63"},
    {file = "pymssql-2.3.1-cp37-cp37m-musllinux_1_1_x86_64.whl", hash = "sha256:68f879b4ec4b2191a1d8b3bb24db04c3631737653785369c275bd5a574e54093"},
    {file = "pymssql-2.3.1-cp37-cp37m-musllinux_1_2_i686.whl", hash = "sha256:9ef157e63a1c19e7ab4823237b5f03a3bca45e1e94a4d5ed73baab6d019830c7"},
    {file = "pymssql-2.3.1-cp37-cp37m-musllinux_1_2_x86_64.whl", hash = "sha256:66afe6ee539e37cdfea0c6b2d596ec0d2a6223f09450c4df7cf872bad12691fe"},
    {file = "pymssql-2.3.1-cp37-cp37m-win32.whl", hash = "sha256:b9cc14a9f63e632200f54311da9868ece2715fa9560f6272c9bb82c57edc0543"},
    {file = "pymssql-2.3.1-cp37-cp37m-win_amd64.whl", hash = "sha256:54bc10f28c0acc1347d3c7056e702ad21f128e6bf7737b4edc8c267372db9ce8"},
    {file = "pymssql-2.3.1-cp38-cp38-manylinux_2_17_aarch64.manylinux2014_aarch64.whl", hash = "sha256:c8d955e751fb125be2a8513b5a338457a3fe73e5daa094815f96a86e496f7149"},
    {file = "pymssql-2.3.1-cp38-cp38-manylinux_2_17_i686.manylinux2014_i686.whl", hash = "sha256:4c13ca6eaf0d7f16af9edf87d58070329bfacb7f27b90e1de16318d64c7b873b"},
    {file = "pymssql-2.3.1-cp38-cp38-manylinux_2_17_x86_64.manylinux2014_x86_64.whl", hash = "sha256:5ecb0cdea24e2c019fb403fd642c04a64e8767c79f8dd38451eb5d72ceffce34"},
    {file = "pymssql-2.3.1-cp38-cp38-manylinux_2_28_x86_64.whl", hash = "sha256:afd57a728e81d73a0f43f3d28216c402fea03bd06a382da881dfc8215fb4080d"},
    {file = "pymssql-2.3.1-cp38-cp38-manylinux_2_5_i686.manylinux1_i686.whl", hash = "sha256:5e6f6d9de73309cda602bbb769cb707f08d6899664f3ac6e9ed3e3b1ad472cee"},
    {file = "pymssql-2.3.1-cp38-cp38-manylinux_2_5_x86_64.manylinux1_x86_64.whl", hash = "sha256:02b808dbb86bbe751dd3fd117e83926b0a19ca9d9b833fae945bf2e31be66bf6"},
    {file = "pymssql-2.3.1-cp38-cp38-musllinux_1_1_i686.whl", hash = "sha256:b0f1ba9befe23e6c4e75c2a626ffe59d159ab3a425a0208515888ec8670bf5bf"},
    {file = "pymssql-2.3.1-cp38-cp38-musllinux_1_1_x86_64.whl", hash = "sha256:8eecb4f3b41b8b29a0cbe502ae37b6477063d690151f668c410328f101f6198b"},
    {file = "pymssql-2.3.1-cp38-cp38-musllinux_1_2_i686.whl", hash = "sha256:a36c8b089e2d7b606aee823eefdfd72f5df110241fc5d913094b0b9da2692794"},
    {file = "pymssql-2.3.1-cp38-cp38-musllinux_1_2_x86_64.whl", hash = "sha256:425de7d3f38cd1867c30b7c352d66020f38fdcdf804282ee232f5e25672930c1"},
    {file = "pymssql-2.3.1-cp38-cp38-win32.whl", hash = "sha256:ce397eb6a2a90fcd2a83d8812c1b8752af3b5362e630da49aa556c947e32ce3d"},
    {file = "pymssql-2.3.1-cp38-cp38-win_amd64.whl", hash = "sha256:02c4ab7a58bfb57edb2deee7e2aceed2512960e7c2c1fd2cb23c647471a36ba2"},
    {file = "pymssql-2.3.1-cp39-cp39-macosx_13_0_x86_64.whl", hash = "sha256:750078568dafc1e0a24cf0f51eecfe548b13440976a2c8b19cc6e5d38e7b10bc"},
    {file = "pymssql-2.3.1-cp39-cp39-manylinux_2_17_aarch64.manylinux2014_aarch64.whl", hash = "sha256:5a651dd98f67eef98f429c949fb50ea0a92fcf8668834cc35909237c24c1b906"},
    {file = "pymssql-2.3.1-cp39-cp39-manylinux_2_17_i686.manylinux2014_i686.whl", hash = "sha256:a1ecedaeec8f4d8643d088b4985f0b742d9669bff701153a845b0d1900260b81"},
    {file = "pymssql-2.3.1-cp39-cp39-manylinux_2_17_x86_64.manylinux2014_x86_64.whl", hash = "sha256:015f6ccd1bcb53f22a3226653d0d8155da40f4afbc1fd0cec25de5fe8decf126"},
    {file = "pymssql-2.3.1-cp39-cp39-manylinux_2_28_x86_64.whl", hash = "sha256:da44761ca2f996d88f90c0f972b583dfe9c389db84888bd8209cdb83508f7c7a"},
    {file = "pymssql-2.3.1-cp39-cp39-manylinux_2_5_i686.manylinux1_i686.whl", hash = "sha256:9557b738475e06dfd53f97d8a2c2b259b9b9fd79bf1a4e084ae4e9f164be644d"},
    {file = "pymssql-2.3.1-cp39-cp39-manylinux_2_5_x86_64.manylinux1_x86_64.whl", hash = "sha256:a1f3f2e2792364a50417f3c2dc0d8f125955c1b641f36eb313daf666045b9748"},
    {file = "pymssql-2.3.1-cp39-cp39-musllinux_1_1_i686.whl", hash = "sha256:be8af4dea025f171ffb1e5b17cb0c9cbc92b0e3c32d0517bc678fff6f660e5fb"},
    {file = "pymssql-2.3.1-cp39-cp39-musllinux_1_1_x86_64.whl", hash = "sha256:a87950fb1a2b1c4028064fac971f3e191adebb58657ca985330f70e02f95223e"},
    {file = "pymssql-2.3.1-cp39-cp39-musllinux_1_2_i686.whl", hash = "sha256:9ea04bf8e13d567650631a944c88886c99a5622d9491e896a9b5a9ffbef2e352"},
    {file = "pymssql-2.3.1-cp39-cp39-musllinux_1_2_x86_64.whl", hash = "sha256:4d93a82f8ad7d3606354b81bbbe7e7832f70fd6e9ccb2e04a2975117da5df973"},
    {file = "pymssql-2.3.1-cp39-cp39-win32.whl", hash = "sha256:6a2657152d4007314b66f353a25fc2742155c2770083320b5255fc576103661e"},
    {file = "pymssql-2.3.1-cp39-cp39-win_amd64.whl", hash = "sha256:6c9ffb3ef110bf0fc2a41c845f231cf749162b1d71e02b0aceb6c0ebc603e2e9"},
    {file = "pymssql-2.3.1.tar.gz", hash = "sha256:ddee15c4c193e14c92fe2cd720ca9be1dba1e0f4178240380b8f5f6f00da04c6"},
]

[[package]]
name = "pytest"
version = "8.3.3"
description = "pytest: simple powerful testing with Python"
optional = false
python-versions = ">=3.8"
files = [
    {file = "pytest-8.3.3-py3-none-any.whl", hash = "sha256:a6853c7375b2663155079443d2e45de913a911a11d669df02a50814944db57b2"},
    {file = "pytest-8.3.3.tar.gz", hash = "sha256:70b98107bd648308a7952b06e6ca9a50bc660be218d53c257cc1fc94fda10181"},
]

[package.dependencies]
colorama = {version = "*", markers = "sys_platform == \"win32\""}
iniconfig = "*"
packaging = "*"
pluggy = ">=1.5,<2"

[package.extras]
dev = ["argcomplete", "attrs (>=19.2)", "hypothesis (>=3.56)", "mock", "pygments (>=2.7.2)", "requests", "setuptools", "xmlschema"]

[[package]]
name = "pytest-html"
version = "4.1.1"
description = "pytest plugin for generating HTML reports"
optional = false
python-versions = ">=3.8"
files = [
    {file = "pytest_html-4.1.1-py3-none-any.whl", hash = "sha256:c8152cea03bd4e9bee6d525573b67bbc6622967b72b9628dda0ea3e2a0b5dd71"},
    {file = "pytest_html-4.1.1.tar.gz", hash = "sha256:70a01e8ae5800f4a074b56a4cb1025c8f4f9b038bba5fe31e3c98eb996686f07"},
]

[package.dependencies]
jinja2 = ">=3.0.0"
pytest = ">=7.0.0"
pytest-metadata = ">=2.0.0"

[package.extras]
docs = ["pip-tools (>=6.13.0)"]
test = ["assertpy (>=1.1)", "beautifulsoup4 (>=4.11.1)", "black (>=22.1.0)", "flake8 (>=4.0.1)", "pre-commit (>=2.17.0)", "pytest-mock (>=3.7.0)", "pytest-rerunfailures (>=11.1.2)", "pytest-xdist (>=2.4.0)", "selenium (>=4.3.0)", "tox (>=3.24.5)"]

[[package]]
name = "pytest-metadata"
version = "3.1.1"
description = "pytest plugin for test session metadata"
optional = false
python-versions = ">=3.8"
files = [
    {file = "pytest_metadata-3.1.1-py3-none-any.whl", hash = "sha256:c8e0844db684ee1c798cfa38908d20d67d0463ecb6137c72e91f418558dd5f4b"},
    {file = "pytest_metadata-3.1.1.tar.gz", hash = "sha256:d2a29b0355fbc03f168aa96d41ff88b1a3b44a3b02acbe491801c98a048017c8"},
]

[package.dependencies]
pytest = ">=7.0.0"

[package.extras]
test = ["black (>=22.1.0)", "flake8 (>=4.0.1)", "pre-commit (>=2.17.0)", "tox (>=3.24.5)"]

[metadata]
lock-version = "2.0"
python-versions = "^3.12"
content-hash = "199caabe71b167f87852e6a350b4ef5ba832cf43402edbdcc737a4cc9660d6ac"
