# This file is automatically @generated by Poetry 1.8.3 and should not be changed by hand.

[[package]]
name = "colorama"
version = "0.4.6"
description = "Cross-platform colored terminal text."
optional = false
python-versions = "!=3.0.*,!=3.1.*,!=3.2.*,!=3.3.*,!=3.4.*,!=3.5.*,!=3.6.*,>=2.7"
files = [
    {file = "colorama-0.4.6-py2.py3-none-any.whl", hash = "sha256:4f1d9991f5acc0ca119f9d443620b77f9d6b33703e51011c16baf57afb285fc6"},
    {file = "colorama-0.4.6.tar.gz", hash = "sha256:08695f5cb7ed6e0531a20572697297273c47b8cae5a63ffc6d6ed5c201be6e44"},
]

[[package]]
name = "iniconfig"
version = "2.0.0"
description = "brain-dead simple config-ini parsing"
optional = false
python-versions = ">=3.7"
files = [
    {file = "iniconfig-2.0.0-py3-none-any.whl", hash = "sha256:b6a85871a79d2e3b22d2d1b94ac2824226a63c6b741c88f7ae975f18b6778374"},
    {file = "iniconfig-2.0.0.tar.gz", hash = "sha256:2d91e135bf72d31a410b17c16da610a82cb55f6b0477d1a902134b24a455b8b3"},
]

[[package]]
name = "jinja2"
version = "3.1.4"
description = "A very fast and expressive template engine."
optional = false
python-versions = ">=3.7"
files = [
    {file = "jinja2-3.1.4-py3-none-any.whl", hash = "sha256:bc5dd2abb727a5319567b7a813e6a2e7318c39f4f487cfe6c89c6f9c7d25197d"},
    {file = "jinja2-3.1.4.tar.gz", hash = "sha256:4a3aee7acbbe7303aede8e9648d13b8bf88a429282aa6122a993f0ac800cb369"},
]

[package.dependencies]
MarkupSafe = ">=2.0"

[package.extras]
i18n = ["Babel (>=2.7)"]

[[package]]
name = "markupsafe"
version = "3.0.1"
description = "Safely add untrusted strings to HTML/XML markup."
optional = false
python-versions = ">=3.9"
files = [
    {file = "MarkupSafe-3.0.1-cp310-cp310-macosx_10_9_universal2.whl", hash = "sha256:db842712984e91707437461930e6011e60b39136c7331e971952bb30465bc1a1"},
    {file = "MarkupSafe-3.0.1-cp310-cp310-macosx_11_0_arm64.whl", hash = "sha256:3ffb4a8e7d46ed96ae48805746755fadd0909fea2306f93d5d8233ba23dda12a"},
    {file = "MarkupSafe-3.0.1-cp310-cp310-manylinux_2_17_aarch64.manylinux2014_aarch64.whl", hash = "sha256:67c519635a4f64e495c50e3107d9b4075aec33634272b5db1cde839e07367589"},
    {file = "MarkupSafe-3.0.1-cp310-cp310-manylinux_2_17_x86_64.manylinux2014_x86_64.whl", hash = "sha256:48488d999ed50ba8d38c581d67e496f955821dc183883550a6fbc7f1aefdc170"},
    {file = "MarkupSafe-3.0.1-cp310-cp310-manylinux_2_5_i686.manylinux1_i686.manylinux_2_17_i686.manylinux2014_i686.whl", hash = "sha256:f31ae06f1328595d762c9a2bf29dafd8621c7d3adc130cbb46278079758779ca"},
    {file = "MarkupSafe-3.0.1-cp310-cp310-musllinux_1_2_aarch64.whl", hash = "sha256:80fcbf3add8790caddfab6764bde258b5d09aefbe9169c183f88a7410f0f6dea"},
    {file = "MarkupSafe-3.0.1-cp310-cp310-musllinux_1_2_i686.whl", hash = "sha256:3341c043c37d78cc5ae6e3e305e988532b072329639007fd408a476642a89fd6"},
    {file = "MarkupSafe-3.0.1-cp310-cp310-musllinux_1_2_x86_64.whl", hash = "sha256:cb53e2a99df28eee3b5f4fea166020d3ef9116fdc5764bc5117486e6d1211b25"},
    {file = "MarkupSafe-3.0.1-cp310-cp310-win32.whl", hash = "sha256:db15ce28e1e127a0013dfb8ac243a8e392db8c61eae113337536edb28bdc1f97"},
    {file = "MarkupSafe-3.0.1-cp310-cp310-win_amd64.whl", hash = "sha256:4ffaaac913c3f7345579db4f33b0020db693f302ca5137f106060316761beea9"},
    {file = "MarkupSafe-3.0.1-cp311-cp311-macosx_10_9_universal2.whl", hash = "sha256:26627785a54a947f6d7336ce5963569b5d75614619e75193bdb4e06e21d447ad"},
    {file = "MarkupSafe-3.0.1-cp311-cp311-macosx_11_0_arm64.whl", hash = "sha256:b954093679d5750495725ea6f88409946d69cfb25ea7b4c846eef5044194f583"},
    {file = "MarkupSafe-3.0.1-cp311-cp311-manylinux_2_17_aarch64.manylinux2014_aarch64.whl", hash = "sha256:973a371a55ce9ed333a3a0f8e0bcfae9e0d637711534bcb11e130af2ab9334e7"},
    {file = "MarkupSafe-3.0.1-cp311-cp311-manylinux_2_17_x86_64.manylinux2014_x86_64.whl", hash = "sha256:244dbe463d5fb6d7ce161301a03a6fe744dac9072328ba9fc82289238582697b"},
    {file = "MarkupSafe-3.0.1-cp311-cp311-manylinux_2_5_i686.manylinux1_i686.manylinux_2_17_i686.manylinux2014_i686.whl", hash = "sha256:d98e66a24497637dd31ccab090b34392dddb1f2f811c4b4cd80c230205c074a3"},
    {file = "MarkupSafe-3.0.1-cp311-cp311-musllinux_1_2_aarch64.whl", hash = "sha256:ad91738f14eb8da0ff82f2acd0098b6257621410dcbd4df20aaa5b4233d75a50"},
    {file = "MarkupSafe-3.0.1-cp311-cp311-musllinux_1_2_i686.whl", hash = "sha256:7044312a928a66a4c2a22644147bc61a199c1709712069a344a3fb5cfcf16915"},
    {file = "MarkupSafe-3.0.1-cp311-cp311-musllinux_1_2_x86_64.whl", hash = "sha256:a4792d3b3a6dfafefdf8e937f14906a51bd27025a36f4b188728a73382231d91"},
    {file = "MarkupSafe-3.0.1-cp311-cp311-win32.whl", hash = "sha256:fa7d686ed9883f3d664d39d5a8e74d3c5f63e603c2e3ff0abcba23eac6542635"},
    {file = "MarkupSafe-3.0.1-cp311-cp311-win_amd64.whl", hash = "sha256:9ba25a71ebf05b9bb0e2ae99f8bc08a07ee8e98c612175087112656ca0f5c8bf"},
    {file = "MarkupSafe-3.0.1-cp312-cp312-macosx_10_13_universal2.whl", hash = "sha256:8ae369e84466aa70f3154ee23c1451fda10a8ee1b63923ce76667e3077f2b0c4"},
    {file = "MarkupSafe-3.0.1-cp312-cp312-macosx_11_0_arm64.whl", hash = "sha256:40f1e10d51c92859765522cbd79c5c8989f40f0419614bcdc5015e7b6bf97fc5"},
    {file = "MarkupSafe-3.0.1-cp312-cp312-manylinux_2_17_aarch64.manylinux2014_aarch64.whl", hash = "sha256:5a4cb365cb49b750bdb60b846b0c0bc49ed62e59a76635095a179d440540c346"},
    {file = "MarkupSafe-3.0.1-cp312-cp312-manylinux_2_17_x86_64.manylinux2014_x86_64.whl", hash = "sha256:ee3941769bd2522fe39222206f6dd97ae83c442a94c90f2b7a25d847d40f4729"},
    {file = "MarkupSafe-3.0.1-cp312-cp312-manylinux_2_5_i686.manylinux1_i686.manylinux_2_17_i686.manylinux2014_i686.whl", hash = "sha256:62fada2c942702ef8952754abfc1a9f7658a4d5460fabe95ac7ec2cbe0d02abc"},
    {file = "MarkupSafe-3.0.1-cp312-cp312-musllinux_1_2_aarch64.whl", hash = "sha256:4c2d64fdba74ad16138300815cfdc6ab2f4647e23ced81f59e940d7d4a1469d9"},
    {file = "MarkupSafe-3.0.1-cp312-cp312-musllinux_1_2_i686.whl", hash = "sha256:fb532dd9900381d2e8f48172ddc5a59db4c445a11b9fab40b3b786da40d3b56b"},
    {file = "MarkupSafe-3.0.1-cp312-cp312-musllinux_1_2_x86_64.whl", hash = "sha256:0f84af7e813784feb4d5e4ff7db633aba6c8ca64a833f61d8e4eade234ef0c38"},
    {file = "MarkupSafe-3.0.1-cp312-cp312-win32.whl", hash = "sha256:cbf445eb5628981a80f54087f9acdbf84f9b7d862756110d172993b9a5ae81aa"},
    {file = "MarkupSafe-3.0.1-cp312-cp312-win_amd64.whl", hash = "sha256:a10860e00ded1dd0a65b83e717af28845bb7bd16d8ace40fe5531491de76b79f"},
    {file = "MarkupSafe-3.0.1-cp313-cp313-macosx_10_13_universal2.whl", hash = "sha256:e81c52638315ff4ac1b533d427f50bc0afc746deb949210bc85f05d4f15fd772"},
    {file = "MarkupSafe-3.0.1-cp313-cp313-macosx_11_0_arm64.whl", hash = "sha256:312387403cd40699ab91d50735ea7a507b788091c416dd007eac54434aee51da"},
    {file = "MarkupSafe-3.0.1-cp313-cp313-manylinux_2_17_aarch64.manylinux2014_aarch64.whl", hash = "sha256:2ae99f31f47d849758a687102afdd05bd3d3ff7dbab0a8f1587981b58a76152a"},
    {file = "MarkupSafe-3.0.1-cp313-cp313-manylinux_2_17_x86_64.manylinux2014_x86_64.whl", hash = "sha256:c97ff7fedf56d86bae92fa0a646ce1a0ec7509a7578e1ed238731ba13aabcd1c"},
    {file = "MarkupSafe-3.0.1-cp313-cp313-manylinux_2_5_i686.manylinux1_i686.manylinux_2_17_i686.manylinux2014_i686.whl", hash = "sha256:a7420ceda262dbb4b8d839a4ec63d61c261e4e77677ed7c66c99f4e7cb5030dd"},
    {file = "MarkupSafe-3.0.1-cp313-cp313-musllinux_1_2_aarch64.whl", hash = "sha256:45d42d132cff577c92bfba536aefcfea7e26efb975bd455db4e6602f5c9f45e7"},
    {file = "MarkupSafe-3.0.1-cp313-cp313-musllinux_1_2_i686.whl", hash = "sha256:4c8817557d0de9349109acb38b9dd570b03cc5014e8aabf1cbddc6e81005becd"},
    {file = "MarkupSafe-3.0.1-cp313-cp313-musllinux_1_2_x86_64.whl", hash = "sha256:6a54c43d3ec4cf2a39f4387ad044221c66a376e58c0d0e971d47c475ba79c6b5"},
    {file = "MarkupSafe-3.0.1-cp313-cp313-win32.whl", hash = "sha256:c91b394f7601438ff79a4b93d16be92f216adb57d813a78be4446fe0f6bc2d8c"},
    {file = "MarkupSafe-3.0.1-cp313-cp313-win_amd64.whl", hash = "sha256:fe32482b37b4b00c7a52a07211b479653b7fe4f22b2e481b9a9b099d8a430f2f"},
    {file = "MarkupSafe-3.0.1-cp313-cp313t-macosx_10_13_universal2.whl", hash = "sha256:17b2aea42a7280db02ac644db1d634ad47dcc96faf38ab304fe26ba2680d359a"},
    {file = "MarkupSafe-3.0.1-cp313-cp313t-macosx_11_0_arm64.whl", hash = "sha256:852dc840f6d7c985603e60b5deaae1d89c56cb038b577f6b5b8c808c97580f1d"},
    {file = "MarkupSafe-3.0.1-cp313-cp313t-manylinux_2_17_aarch64.manylinux2014_aarch64.whl", hash = "sha256:0778de17cff1acaeccc3ff30cd99a3fd5c50fc58ad3d6c0e0c4c58092b859396"},
    {file = "MarkupSafe-3.0.1-cp313-cp313t-manylinux_2_17_x86_64.manylinux2014_x86_64.whl", hash = "sha256:800100d45176652ded796134277ecb13640c1a537cad3b8b53da45aa96330453"},
    {file = "MarkupSafe-3.0.1-cp313-cp313t-manylinux_2_5_i686.manylinux1_i686.manylinux_2_17_i686.manylinux2014_i686.whl", hash = "sha256:d06b24c686a34c86c8c1fba923181eae6b10565e4d80bdd7bc1c8e2f11247aa4"},
    {file = "MarkupSafe-3.0.1-cp313-cp313t-musllinux_1_2_aarch64.whl", hash = "sha256:33d1c36b90e570ba7785dacd1faaf091203d9942bc036118fab8110a401eb1a8"},
    {file = "MarkupSafe-3.0.1-cp313-cp313t-musllinux_1_2_i686.whl", hash = "sha256:beeebf760a9c1f4c07ef6a53465e8cfa776ea6a2021eda0d0417ec41043fe984"},
    {file = "MarkupSafe-3.0.1-cp313-cp313t-musllinux_1_2_x86_64.whl", hash = "sha256:bbde71a705f8e9e4c3e9e33db69341d040c827c7afa6789b14c6e16776074f5a"},
    {file = "MarkupSafe-3.0.1-cp313-cp313t-win32.whl", hash = "sha256:82b5dba6eb1bcc29cc305a18a3c5365d2af06ee71b123216416f7e20d2a84e5b"},
    {file = "MarkupSafe-3.0.1-cp313-cp313t-win_amd64.whl", hash = "sha256:730d86af59e0e43ce277bb83970530dd223bf7f2a838e086b50affa6ec5f9295"},
    {file = "MarkupSafe-3.0.1-cp39-cp39-macosx_10_9_universal2.whl", hash = "sha256:4935dd7883f1d50e2ffecca0aa33dc1946a94c8f3fdafb8df5c330e48f71b132"},
    {file = "MarkupSafe-3.0.1-cp39-cp39-macosx_11_0_arm64.whl", hash = "sha256:e9393357f19954248b00bed7c56f29a25c930593a77630c719653d51e7669c2a"},
    {file = "MarkupSafe-3.0.1-cp39-cp39-manylinux_2_17_aarch64.manylinux2014_aarch64.whl", hash = "sha256:40621d60d0e58aa573b68ac5e2d6b20d44392878e0bfc159012a5787c4e35bc8"},
    {file = "MarkupSafe-3.0.1-cp39-cp39-manylinux_2_17_x86_64.manylinux2014_x86_64.whl", hash = "sha256:f94190df587738280d544971500b9cafc9b950d32efcb1fba9ac10d84e6aa4e6"},
    {file = "MarkupSafe-3.0.1-cp39-cp39-manylinux_2_5_i686.manylinux1_i686.manylinux_2_17_i686.manylinux2014_i686.whl", hash = "sha256:b6a387d61fe41cdf7ea95b38e9af11cfb1a63499af2759444b99185c4ab33f5b"},
    {file = "MarkupSafe-3.0.1-cp39-cp39-musllinux_1_2_aarch64.whl", hash = "sha256:8ad4ad1429cd4f315f32ef263c1342166695fad76c100c5d979c45d5570ed58b"},
    {file = "MarkupSafe-3.0.1-cp39-cp39-musllinux_1_2_i686.whl", hash = "sha256:e24bfe89c6ac4c31792793ad9f861b8f6dc4546ac6dc8f1c9083c7c4f2b335cd"},
    {file = "MarkupSafe-3.0.1-cp39-cp39-musllinux_1_2_x86_64.whl", hash = "sha256:2a4b34a8d14649315c4bc26bbfa352663eb51d146e35eef231dd739d54a5430a"},
    {file = "MarkupSafe-3.0.1-cp39-cp39-win32.whl", hash = "sha256:242d6860f1fd9191aef5fae22b51c5c19767f93fb9ead4d21924e0bcb17619d8"},
    {file = "MarkupSafe-3.0.1-cp39-cp39-win_amd64.whl", hash = "sha256:93e8248d650e7e9d49e8251f883eed60ecbc0e8ffd6349e18550925e31bd029b"},
    {file = "markupsafe-3.0.1.tar.gz", hash = "sha256:3e683ee4f5d0fa2dde4db77ed8dd8a876686e3fc417655c2ece9a90576905344"},
]

[[package]]
name = "packaging"
version = "24.1"
description = "Core utilities for Python packages"
optional = false
python-versions = ">=3.8"
files = [
    {file = "packaging-24.1-py3-none-any.whl", hash = "sha256:5b8f2217dbdbd2f7f384c41c628544e6d52f2d0f53c6d0c3ea61aa5d1d7ff124"},
    {file = "packaging-24.1.tar.gz", hash = "sha256:026ed72c8ed3fcce5bf8950572258698927fd1dbda10a5e981cdf0ac37f4f002"},
]

[[package]]
name = "pluggy"
version = "1.5.0"
description = "plugin and hook calling mechanisms for python"
optional = false
python-versions = ">=3.8"
files = [
    {file = "pluggy-1.5.0-py3-none-any.whl", hash = "sha256:44e1ad92c8ca002de6377e165f3e0f1be63266ab4d554740532335b9d75ea669"},
    {file = "pluggy-1.5.0.tar.gz", hash = "sha256:2cffa88e94fdc978c4c574f15f9e59b7f4201d439195c3715ca9e2486f1d0cf1"},
]

[package.extras]
dev = ["pre-commit", "tox"]
testing = ["pytest", "pytest-benchmark"]

[[package]]
name = "pymssql"
version = "2.3.1"
description = "DB-API interface to Microsoft SQL Server for Python. (new Cython-based version)"
optional = false
python-versions = "*"
files = [
    {file = "pymssql-2.3.1-cp310-cp310-macosx_13_0_x86_64.whl", hash = "sha256:001b3321a5f620b80d1427933fcca11b05f29a808d7772a84d18d01e640ee60a"},
    {file = "pymssql-2.3.1-cp310-cp310-manylinux_2_17_aarch64.manylinux2014_aarch64.whl", hash = "sha256:15466dd41be5e32302f0c4791f612aadd608a0e6ec0b10d769e76cbb4c86aa97"},
    {file = "pymssql-2.3.1-cp310-cp310-manylinux_2_17_i686.manylinux2014_i686.whl", hash = "sha256:74349040d4ff6f05894aefb5109ecffcd416e1e366d9951085d3225a9d09c46b"},
    {file = "pymssql-2.3.1-cp310-cp310-manylinux_2_17_x86_64.manylinux2014_x86_64.whl", hash = "sha256:bc79dbe5eca8825b73830c8bb147b6f588300dc7510393822682162dc4ff003f"},
    {file = "pymssql-2.3.1-cp310-cp310-manylinux_2_28_x86_64.whl", hash = "sha256:0b93ebe2feb45e772ca708bc4cd70f3e4c72796ec1b157fd5d80cdc589c786aa"},
    {file = "pymssql-2.3.1-cp310-cp310-musllinux_1_1_i686.whl", hash = "sha256:44b1c8752c0fc6750902c1c521f258bdf4271bfbf7b2a5fee469b6ad00631aab"},
    {file = "pymssql-2.3.1-cp310-cp310-musllinux_1_1_x86_64.whl", hash = "sha256:fdfadb055a9ecad58356decfecc41626999ad7b548cc7ea898cf159e2217f7bb"},
    {file = "pymssql-2.3.1-cp310-cp310-musllinux_1_2_i686.whl", hash = "sha256:46f1074c6763e9a899128f22a0f72e9fb0035535f48efabd6a294db1c149e6f1"},
    {file = "pymssql-2.3.1-cp310-cp310-musllinux_1_2_x86_64.whl", hash = "sha256:ebb11b61d99ec5bbe0b8c411ff748a90263cdaf474881de231da8184e721c42c"},
    {file = "pymssql-2.3.1-cp310-cp310-win32.whl", hash = "sha256:2ef07fdee3e9652d39b4c081c5c5e1a1031abd122b402ed66813bceb3874ccea"},
    {file = "pymssql-2.3.1-cp310-cp310-win_amd64.whl", hash = "sha256:791522339215cb7f88db54c831a2347e0c4d69dd3092a343eea5b9339adf4412"},
    {file = "pymssql-2.3.1-cp311-cp311-macosx_13_0_universal2.whl", hash = "sha256:0433ffa1c86290a93e81176f377621cb70405be66ade8f3070d3f5ec9cfebdba"},
    {file = "pymssql-2.3.1-cp311-cp311-manylinux_2_17_aarch64.manylinux2014_aarch64.whl", hash = "sha256:6182d82ebfbe46f0e7748d068c6a1c16c0f4fe1f34f1c390f63375cee79b44b0"},
    {file = "pymssql-2.3.1-cp311-cp311-manylinux_2_17_i686.manylinux2014_i686.whl", hash = "sha256:cfbe07dcf0aaee8ce630624669cb2fb77b76743d4dd925f99331422be8704de3"},
    {file = "pymssql-2.3.1-cp311-cp311-manylinux_2_17_x86_64.manylinux2014_x86_64.whl", hash = "sha256:7d999c8e5d5d48e9305c4132392825de402f13feea15694e4e7103029b6eae06"},
    {file = "pymssql-2.3.1-cp311-cp311-manylinux_2_28_x86_64.whl", hash = "sha256:2dced0a76d8e99c283103a2e3c825ca22c67f1f8fc5cff657510f4d2ffb9d188"},
    {file = "pymssql-2.3.1-cp311-cp311-musllinux_1_1_i686.whl", hash = "sha256:880d3173025dea3babf5ab862875b3c76a5cf8df5b292418050c7793c651c0b2"},
    {file = "pymssql-2.3.1-cp311-cp311-musllinux_1_1_x86_64.whl", hash = "sha256:9f89c698e29ce5c576e4980ded89c00b45e482ec02759bfbfc1aa326648cf64a"},
    {file = "pymssql-2.3.1-cp311-cp311-musllinux_1_2_i686.whl", hash = "sha256:3f4f2a38ce6e39ed2414c20ca16deaea4340868033a4bb23d5e4e30c72290caf"},
    {file = "pymssql-2.3.1-cp311-cp311-musllinux_1_2_x86_64.whl", hash = "sha256:e34e8aa1d3da555dbf23141b02f401267c0be32104b4f030afd0bae62d26d735"},
    {file = "pymssql-2.3.1-cp311-cp311-win32.whl", hash = "sha256:72e57e20802bf97399e050a0760a4541996fc27bc605a1a25e48ca6fe4913c48"},
    {file = "pymssql-2.3.1-cp311-cp311-win_amd64.whl", hash = "sha256:b5d3604bca2fa8d5ba2eed1582a3c8a83970a8d2edabfcfd87c1edecb7617d16"},
    {file = "pymssql-2.3.1-cp312-cp312-macosx_13_0_universal2.whl", hash = "sha256:c28f1b9560b82fe1a1e51d8c56f6d36bca7c507a8cdf2caa2a0642503c220d5c"},
    {file = "pymssql-2.3.1-cp312-cp312-manylinux_2_17_aarch64.manylinux2014_aarch64.whl", hash = "sha256:e3509b75747eb22ae89f3d47ae316a4b9eac7d952269e88b356ef117a1b8e3b8"},
    {file = "pymssql-2.3.1-cp312-cp312-manylinux_2_17_i686.manylinux2014_i686.whl", hash = "sha256:cca3bed27e1ab867e482fa8b529d408489ad57e8b60452f75ef288da90573db6"},
    {file = "pymssql-2.3.1-cp312-cp312-manylinux_2_17_x86_64.manylinux2014_x86_64.whl", hash = "sha256:4fe3276915e6040daec409203e3143aa2826984adb8d223c155dab91010110a4"},
    {file = "pymssql-2.3.1-cp312-cp312-manylinux_2_28_x86_64.whl", hash = "sha256:d36d566d0d6997c95442c3d2902800e6b072ccc017c6284e5b1bd4e17dc8fada"},
    {file = "pymssql-2.3.1-cp312-cp312-musllinux_1_1_i686.whl", hash = "sha256:3564df40a678623a769acd9677dc68228b2694170132c6f296eb62bf766d31e4"},
    {file = "pymssql-2.3.1-cp312-cp312-musllinux_1_1_x86_64.whl", hash = "sha256:3dbd4106faabf97f028d0ac59b30d132cfb5e48cf5314b0476f293123dbf3422"},
    {file = "pymssql-2.3.1-cp312-cp312-musllinux_1_2_i686.whl", hash = "sha256:acd1690d9b1b2ece9d0e1fd7d68571fc9fa56b6ba8697a3132446419ff7fb3f4"},
    {file = "pymssql-2.3.1-cp312-cp312-musllinux_1_2_x86_64.whl", hash = "sha256:126e0b78773975136e6385da7286c277e2e0320c1f4bee0e4dc61a5edcf98c41"},
    {file = "pymssql-2.3.1-cp312-cp312-win32.whl", hash = "sha256:21803b731b8c8780fc974d9b4931fa8f1ca29c227502a4c317e12773c8bdef43"},
    {file = "pymssql-2.3.1-cp312-cp312-win_amd64.whl", hash = "sha256:6b0224fc5ce4cf0703278859f145e3e921c04d9feb59739a104d3020bbf0c0c1"},
    {file = "pymssql-2.3.1-cp313-cp313-manylinux_2_17_aarch64.manylinux2014_aarch64.whl", hash = "sha256:709c1df3134e330ee9590437253be363b558154bde5bb54856fc5fe68a03c971"},
    {file = "pymssql-2.3.1-cp313-cp313-manylinux_2_17_i686.manylinux2014_i686.whl", hash = "sha256:b9381eafaf529815f2d61f22b99e0538e744b31234f17d4384f5b0496bd1fbed"},
    {file = "pymssql-2.3.1-cp313-cp313-manylinux_2_17_x86_64.manylinux2014_x86_64.whl", hash = "sha256:c3bf78789014f202855f5d00de982bbcd95177fe8bcf920f0ce730b72456c173"},
    {file = "pymssql-2.3.1-cp313-cp313-manylinux_2_28_x86_64.whl", hash = "sha256:4b44280eedd0a3f031e9464d4fc632a215fadcfb375bb479065b61a6337df402"},
    {file = "pymssql-2.3.1-cp313-cp313-musllinux_1_1_i686.whl", hash = "sha256:922f536b925880c260968c8f2130b1c9d6315b83f300f18365b5421933f034a2"},
    {file = "pymssql-2.3.1-cp313-cp313-musllinux_1_1_x86_64.whl", hash = "sha256:f00f618d1c0f58617de548e5094f7d55ab6034b94068d7eebba60a034866b10b"},
    {file = "pymssql-2.3.1-cp313-cp313-musllinux_1_2_i686.whl", hash = "sha256:b363db86a1a3fe16df9b4253e17b02a268d0f2e2753679b8e85cee268e2fe8c4"},
    {file = "pymssql-2.3.1-cp313-cp313-musllinux_1_2_x86_64.whl", hash = "sha256:396a26cf576196cc4a3d77890b2b8eb62655ff02846288757dd8b587352cc4f5"},
    {file = "pymssql-2.3.1-cp36-cp36m-win32.whl", hash = "sha256:5a1a1c697596f23058697709144d00a44e7af6ecab6a517f2ecf28dcf8fb4280"},
    {file = "pymssql-2.3.1-cp36-cp36m-win_amd64.whl", hash = "sha256:4f92e8657d42341dce01f7f57d03f84b35c0ed00a7bef24533ff80a37ffcfb4e"},
    {file = "pymssql-2.3.1-cp37-cp37m-manylinux_2_17_aarch64.manylinux2014_aarch64.whl", hash = "sha256:095b50e43bfbc4d6f953810175ba275bb3e6136206f3a7146bdd1031e3f0dd9b"},
    {file = "pymssql-2.3.1-cp37-cp37m-manylinux_2_17_i686.manylinux2014_i686.whl", hash = "sha256:47ac89098732c327725b53464932c6a532367271a3d5c5a988f61e23e0e0e286"},
    {file = "pymssql-2.3.1-cp37-cp37m-manylinux_2_17_x86_64.manylinux2014_x86_64.whl", hash = "sha256:2f284fc052cf1dbc702a2f4d13442d87fc6847ba9054faccfc8d8446fcf00894"},
    {file = "pymssql-2.3.1-cp37-cp37m-manylinux_2_28_x86_64.whl", hash = "sha256:40778b65c09eef9e7c25c444b96e76f81d8b5cf1828cb555123d052b7d3b5661"},
    {file = "pymssql-2.3.1-cp37-cp37m-manylinux_2_5_i686.manylinux1_i686.whl", hash = "sha256:22c8609bc7f8b13d383729ba09042b4d796a607c93779c616be51b37caa6b384"},
    {file = "pymssql-2.3.1-cp37-cp37m-manylinux_2_5_x86_64.manylinux1_x86_64.whl", hash = "sha256:ab2aea2ae8bc1aba0105fccbf9e4f6716648b2b8f9421fd3418c6cc798fca43e"},
    {file = "pymssql-2.3.1-cp37-cp37m-musllinux_1_1_i686.whl", hash = "sha256:e594de69832ad13761412f4d5c981a6e5d931b22f25136c8cd3531d9c6cfdf63"},
    {file = "pymssql-2.3.1-cp37-cp37m-musllinux_1_1_x86_64.whl", hash = "sha256:68f879b4ec4b2191a1d8b3bb24db04c3631737653785369c275bd5a574e54093"},
    {file = "pymssql-2.3.1-cp37-cp37m-musllinux_1_2_i686.whl", hash = "sha256:9ef157e63a1c19e7ab4823237b5f03a3bca45e1e94a4d5ed73baab6d019830c7"},
    {file = "pymssql-2.3.1-cp37-cp37m-musllinux_1_2_x86_64.whl", hash = "sha256:66afe6ee539e37cdfea0c6b2d596ec0d2a6223f09450c4df7cf872bad12691fe"},
    {file = "pymssql-2.3.1-cp37-cp37m-win32.whl", hash = "sha256:b9cc14a9f63e632200f54311da9868ece2715fa9560f6272c9bb82c57edc0543"},
    {file = "pymssql-2.3.1-cp37-cp37m-win_amd64.whl", hash = "sha256:54bc10f28c0acc1347d3c7056e702ad21f128e6bf7737b4edc8c267372db9ce8"},
    {file = "pymssql-2.3.1-cp38-cp38-manylinux_2_17_aarch64.manylinux2014_aarch64.whl", hash = "sha256:c8d955e751fb125be2a8513b5a338457a3fe73e5daa094815f96a86e496f7149"},
    {file = "pymssql-2.3.1-cp38-cp38-manylinux_2_17_i686.manylinux2014_i686.whl", hash = "sha256:4c13ca6eaf0d7f16af9edf87d58070329bfacb7f27b90e1de16318d64c7b873b"},
    {file = "pymssql-2.3.1-cp38-cp38-manylinux_2_17_x86_64.manylinux2014_x86_64.whl", hash = "sha256:5ecb0cdea24e2c019fb403fd642c04a64e8767c79f8dd38451eb5d72ceffce34"},
    {file = "pymssql-2.3.1-cp38-cp38-manylinux_2_28_x86_64.whl", hash = "sha256:afd57a728e81d73a0f43f3d28216c402fea03bd06a382da881dfc8215fb4080d"},
    {file = "pymssql-2.3.1-cp38-cp38-manylinux_2_5_i686.manylinux1_i686.whl", hash = "sha256:5e6f6d9de73309cda602bbb769cb707f08d6899664f3ac6e9ed3e3b1ad472cee"},
    {file = "pymssql-2.3.1-cp38-cp38-manylinux_2_5_x86_64.manylinux1_x86_64.whl", hash = "sha256:02b808dbb86bbe751dd3fd117e83926b0a19ca9d9b833fae945bf2e31be66bf6"},
    {file = "pymssql-2.3.1-cp38-cp38-musllinux_1_1_i686.whl", hash = "sha256:b0f1ba9befe23e6c4e75c2a626ffe59d159ab3a425a0208515888ec8670bf5bf"},
    {file = "pymssql-2.3.1-cp38-cp38-musllinux_1_1_x86_64.whl", hash = "sha256:8eecb4f3b41b8b29a0cbe502ae37b6477063d690151f668c410328f101f6198b"},
    {file = "pymssql-2.3.1-cp38-cp38-musllinux_1_2_i686.whl", hash = "sha256:a36c8b089e2d7b606aee823eefdfd72f5df110241fc5d913094b0b9da2692794"},
    {file = "pymssql-2.3.1-cp38-cp38-musllinux_1_2_x86_64.whl", hash = "sha256:425de7d3f38cd1867c30b7c352d66020f38fdcdf804282ee232f5e25672930c1"},
    {file = "pymssql-2.3.1-cp38-cp38-win32.whl", hash = "sha256:ce397eb6a2a90fcd2a83d8812c1b8752af3b5362e630da49aa556c947e32ce3d"},
    {file = "pymssql-2.3.1-cp38-cp38-win_amd64.whl", hash = "sha256:02c4ab7a58bfb57edb2deee7e2aceed2512960e7c2c1fd2cb23c647471a36ba2"},
    {file = "pymssql-2.3.1-cp39-cp39-macosx_13_0_x86_64.whl", hash = "sha256:750078568dafc1e0a24cf0f51eecfe548b13440976a2c8b19cc6e5d38e7b10bc"},
    {file = "pymssql-2.3.1-cp39-cp39-manylinux_2_17_aarch64.manylinux2014_aarch64.whl", hash = "sha256:5a651dd98f67eef98f429c949fb50ea0a92fcf8668834cc35909237c24c1b906"},
    {file = "pymssql-2.3.1-cp39-cp39-manylinux_2_17_i686.manylinux2014_i686.whl", hash = "sha256:a1ecedaeec8f4d8643d088b4985f0b742d9669bff701153a845b0d1900260b81"},
    {file = "pymssql-2.3.1-cp39-cp39-manylinux_2_17_x86_64.manylinux2014_x86_64.whl", hash = "sha256:015f6ccd1bcb53f22a3226653d0d8155da40f4afbc1fd0cec25de5fe8decf126"},
    {file = "pymssql-2.3.1-cp39-cp39-manylinux_2_28_x86_64.whl", hash = "sha256:da44761ca2f996d88f90c0f972b583dfe9c389db84888bd8209cdb83508f7c7a"},
    {file = "pymssql-2.3.1-cp39-cp39-manylinux_2_5_i686.manylinux1_i686.whl", hash = "sha256:9557b738475e06dfd53f97d8a2c2b259b9b9fd79bf1a4e084ae4e9f164be644d"},
    {file = "pymssql-2.3.1-cp39-cp39-manylinux_2_5_x86_64.manylinux1_x86_64.whl", hash = "sha256:a1f3f2e2792364a50417f3c2dc0d8f125955c1b641f36eb313daf666045b9748"},
    {file = "pymssql-2.3.1-cp39-cp39-musllinux_1_1_i686.whl", hash = "sha256:be8af4dea025f171ffb1e5b17cb0c9cbc92b0e3c32d0517bc678fff6f660e5fb"},
    {file = "pymssql-2.3.1-cp39-cp39-musllinux_1_1_x86_64.whl", hash = "sha256:a87950fb1a2b1c4028064fac971f3e191adebb58657ca985330f70e02f95223e"},
    {file = "pymssql-2.3.1-cp39-cp39-musllinux_1_2_i686.whl", hash = "sha256:9ea04bf8e13d567650631a944c88886c99a5622d9491e896a9b5a9ffbef2e352"},
    {file = "pymssql-2.3.1-cp39-cp39-musllinux_1_2_x86_64.whl", hash = "sha256:4d93a82f8ad7d3606354b81bbbe7e7832f70fd6e9ccb2e04a2975117da5df973"},
    {file = "pymssql-2.3.1-cp39-cp39-win32.whl", hash = "sha256:6a2657152d4007314b66f353a25fc2742155c2770083320b5255fc576103661e"},
    {file = "pymssql-2.3.1-cp39-cp39-win_amd64.whl", hash = "sha256:6c9ffb3ef110bf0fc2a41c845f231cf749162b1d71e02b0aceb6c0ebc603e2e9"},
    {file = "pymssql-2.3.1.tar.gz", hash = "sha256:ddee15c4c193e14c92fe2cd720ca9be1dba1e0f4178240380b8f5f6f00da04c6"},
]

[[package]]
name = "pytest"
version = "8.3.3"
description = "pytest: simple powerful testing with Python"
optional = false
python-versions = ">=3.8"
files = [
    {file = "pytest-8.3.3-py3-none-any.whl", hash = "sha256:a6853c7375b2663155079443d2e45de913a911a11d669df02a50814944db57b2"},
    {file = "pytest-8.3.3.tar.gz", hash = "sha256:70b98107bd648308a7952b06e6ca9a50bc660be218d53c257cc1fc94fda10181"},
]

[package.dependencies]
colorama = {version = "*", markers = "sys_platform == \"win32\""}
iniconfig = "*"
packaging = "*"
pluggy = ">=1.5,<2"

[package.extras]
dev = ["argcomplete", "attrs (>=19.2)", "hypothesis (>=3.56)", "mock", "pygments (>=2.7.2)", "requests", "setuptools", "xmlschema"]

[[package]]
name = "pytest-html"
version = "4.1.1"
description = "pytest plugin for generating HTML reports"
optional = false
python-versions = ">=3.8"
files = [
    {file = "pytest_html-4.1.1-py3-none-any.whl", hash = "sha256:c8152cea03bd4e9bee6d525573b67bbc6622967b72b9628dda0ea3e2a0b5dd71"},
    {file = "pytest_html-4.1.1.tar.gz", hash = "sha256:70a01e8ae5800f4a074b56a4cb1025c8f4f9b038bba5fe31e3c98eb996686f07"},
]

[package.dependencies]
jinja2 = ">=3.0.0"
pytest = ">=7.0.0"
pytest-metadata = ">=2.0.0"

[package.extras]
docs = ["pip-tools (>=6.13.0)"]
test = ["assertpy (>=1.1)", "beautifulsoup4 (>=4.11.1)", "black (>=22.1.0)", "flake8 (>=4.0.1)", "pre-commit (>=2.17.0)", "pytest-mock (>=3.7.0)", "pytest-rerunfailures (>=11.1.2)", "pytest-xdist (>=2.4.0)", "selenium (>=4.3.0)", "tox (>=3.24.5)"]

[[package]]
name = "pytest-metadata"
version = "3.1.1"
description = "pytest plugin for test session metadata"
optional = false
python-versions = ">=3.8"
files = [
    {file = "pytest_metadata-3.1.1-py3-none-any.whl", hash = "sha256:c8e0844db684ee1c798cfa38908d20d67d0463ecb6137c72e91f418558dd5f4b"},
    {file = "pytest_metadata-3.1.1.tar.gz", hash = "sha256:d2a29b0355fbc03f168aa96d41ff88b1a3b44a3b02acbe491801c98a048017c8"},
]

[package.dependencies]
pytest = ">=7.0.0"

[package.extras]
test = ["black (>=22.1.0)", "flake8 (>=4.0.1)", "pre-commit (>=2.17.0)", "tox (>=3.24.5)"]

[metadata]
lock-version = "2.0"
python-versions = "^3.11.2"
content-hash = "fe74e2055351011750a53c6b6fb64cae81bacdcb6fb1588a713484485bfab161"
